lockfileVersion: '6.0'

dependencies:
  dotenv:
    specifier: ^16.0.3
    version: 16.0.3

devDependencies:
  '@playwright/test':
    specifier: ^1.34.0
    version: 1.34.0

packages:

  /@playwright/test@1.34.0:
    resolution: {integrity: sha512-GIALJVODOIrMflLV54H3Cow635OfrTwOu24ZTDyKC66uchtFX2NcCRq83cLdakMjZKYK78lODNLQSYBj2OgaTw==}
    engines: {node: '>=14'}
    hasBin: true
    dependencies:
      '@types/node': 20.2.3
      playwright-core: 1.34.0
    optionalDependencies:
      fsevents: 2.3.2
    dev: true

  /@types/node@20.2.3:
    resolution: {integrity: sha512-pg9d0yC4rVNWQzX8U7xb4olIOFuuVL9za3bzMT2pu2SU0SNEi66i2qrvhE2qt0HvkhuCaWJu7pLNOt/Pj8BIrw==}
    dev: true

  /dotenv@16.0.3:
    resolution: {integrity: sha512-7GO6HghkA5fYG9TYnNxi14/7K9f5occMlp3zXAuSxn7CKCxt9xbNWG7yF8hTCSUchlfWSe3uLmlPfigevRItzQ==}
    engines: {node: '>=12'}
    dev: false

  /fsevents@2.3.2:
    resolution: {integrity: sha512-xiqMQR4xAeHTuB9uWm+fFRcIOgKBMiOBP+eXiyT7jsgVCq1bkVygt00oASowB7EdtpOHaaPgKt812P9ab+DDKA==}
    engines: {node: ^8.16.0 || ^10.6.0 || >=11.0.0}
    os: [darwin]
    requiresBuild: true
    dev: true
    optional: true

  /playwright-core@1.34.0:
    resolution: {integrity: sha512-fMUY1+iR6kYbJF/EsOOqzBA99ZHXbw9sYPNjwA4X/oV0hVF/1aGlWYBGPVUEqxBkGANDKMziYoOdKGU5DIP5Gg==}
    engines: {node: '>=14'}
    dev: true
